
Microsoft Visual Studio Solution File, Format Version 12.00
# Visual Studio 15
VisualStudioVersion = 15.0.28307.271
MinimumVisualStudioVersion = 10.0.40219.1
Project("{FAE04EC0-301F-11D3-BF4B-00C04F79EFBC}") = "DiceRoller.Android", "DiceRoller\DiceRoller.Android\DiceRoller.Android.csproj", "{CC5FAFB4-CB84-479E-8D22-D9466408E2B3}"
EndProject
Project("{FAE04EC0-301F-11D3-BF4B-00C04F79EFBC}") = "DiceRoller.iOS", "DiceRoller\DiceRoller.iOS\DiceRoller.iOS.csproj", "{D7A2D882-A9A5-4AA3-96D2-F8CB0535C53F}"
EndProject
Project("{FAE04EC0-301F-11D3-BF4B-00C04F79EFBC}") = "DiceRoller.UWP", "DiceRoller\DiceRoller.UWP\DiceRoller.UWP.csproj", "{B56C8CF8-2A1D-4A73-826A-60C242404638}"
EndProject
Project("{FAE04EC0-301F-11D3-BF4B-00C04F79EFBC}") = "DiceRoller", "DiceRoller\DiceRoller\DiceRoller.csproj", "{7A23732D-4B44-4D28-8BF0-9BBEDEBA4ADE}"
EndProject
Global
	GlobalSection(SolutionConfigurationPlatforms) = preSolution
		Ad-Hoc|Any CPU = Ad-Hoc|Any CPU
		Ad-Hoc|ARM = Ad-Hoc|ARM
		Ad-Hoc|iPhone = Ad-Hoc|iPhone
		Ad-Hoc|iPhoneSimulator = Ad-Hoc|iPhoneSimulator
		Ad-Hoc|x64 = Ad-Hoc|x64
		Ad-Hoc|x86 = Ad-Hoc|x86
		AppStore|Any CPU = AppStore|Any CPU
		AppStore|ARM = AppStore|ARM
		AppStore|iPhone = AppStore|iPhone
		AppStore|iPhoneSimulator = AppStore|iPhoneSimulator
		AppStore|x64 = AppStore|x64
		AppStore|x86 = AppStore|x86
		Debug|Any CPU = Debug|Any CPU
		Debug|ARM = Debug|ARM
		Debug|iPhone = Debug|iPhone
		Debug|iPhoneSimulator = Debug|iPhoneSimulator
		Debug|x64 = Debug|x64
		Debug|x86 = Debug|x86
		Release|Any CPU = Release|Any CPU
		Release|ARM = Release|ARM
		Release|iPhone = Release|iPhone
		Release|iPhoneSimulator = Release|iPhoneSimulator
		Release|x64 = Release|x64
		Release|x86 = Release|x86
	EndGlobalSection
	GlobalSection(ProjectConfigurationPlatforms) = postSolution
		{CC5FAFB4-CB84-479E-8D22-D9466408E2B3}.Ad-Hoc|Any CPU.ActiveCfg = Release|Any CPU
		{CC5FAFB4-CB84-479E-8D22-D9466408E2B3}.Ad-Hoc|Any CPU.Build.0 = Release|Any CPU
		{CC5FAFB4-CB84-479E-8D22-D9466408E2B3}.Ad-Hoc|Any CPU.Deploy.0 = Release|Any CPU
		{CC5FAFB4-CB84-479E-8D22-D9466408E2B3}.Ad-Hoc|ARM.ActiveCfg = Release|Any CPU
		{CC5FAFB4-CB84-479E-8D22-D9466408E2B3}.Ad-Hoc|ARM.Build.0 = Release|Any CPU
		{CC5FAFB4-CB84-479E-8D22-D9466408E2B3}.Ad-Hoc|ARM.Deploy.0 = Release|Any CPU
		{CC5FAFB4-CB84-479E-8D22-D9466408E2B3}.Ad-Hoc|iPhone.ActiveCfg = Release|Any CPU
		{CC5FAFB4-CB84-479E-8D22-D9466408E2B3}.Ad-Hoc|iPhone.Build.0 = Release|Any CPU
		{CC5FAFB4-CB84-479E-8D22-D9466408E2B3}.Ad-Hoc|iPhone.Deploy.0 = Release|Any CPU
		{CC5FAFB4-CB84-479E-8D22-D9466408E2B3}.Ad-Hoc|iPhoneSimulator.ActiveCfg = Release|Any CPU
		{CC5FAFB4-CB84-479E-8D22-D9466408E2B3}.Ad-Hoc|iPhoneSimulator.Build.0 = Release|Any CPU
		{CC5FAFB4-CB84-479E-8D22-D9466408E2B3}.Ad-Hoc|iPhoneSimulator.Deploy.0 = Release|Any CPU
		{CC5FAFB4-CB84-479E-8D22-D9466408E2B3}.Ad-Hoc|x64.ActiveCfg = Release|Any CPU
		{CC5FAFB4-CB84-479E-8D22-D9466408E2B3}.Ad-Hoc|x64.Build.0 = Release|Any CPU
		{CC5FAFB4-CB84-479E-8D22-D9466408E2B3}.Ad-Hoc|x64.Deploy.0 = Release|Any CPU
		{CC5FAFB4-CB84-479E-8D22-D9466408E2B3}.Ad-Hoc|x86.ActiveCfg = Release|Any CPU
		{CC5FAFB4-CB84-479E-8D22-D9466408E2B3}.Ad-Hoc|x86.Build.0 = Release|Any CPU
		{CC5FAFB4-CB84-479E-8D22-D9466408E2B3}.Ad-Hoc|x86.Deploy.0 = Release|Any CPU
		{CC5FAFB4-CB84-479E-8D22-D9466408E2B3}.AppStore|Any CPU.ActiveCfg = Release|Any CPU
		{CC5FAFB4-CB84-479E-8D22-D9466408E2B3}.AppStore|Any CPU.Build.0 = Release|Any CPU
		{CC5FAFB4-CB84-479E-8D22-D9466408E2B3}.AppStore|Any CPU.Deploy.0 = Release|Any CPU
		{CC5FAFB4-CB84-479E-8D22-D9466408E2B3}.AppStore|ARM.ActiveCfg = Release|Any CPU
		{CC5FAFB4-CB84-479E-8D22-D9466408E2B3}.AppStore|ARM.Build.0 = Release|Any CPU
		{CC5FAFB4-CB84-479E-8D22-D9466408E2B3}.AppStore|ARM.Deploy.0 = Release|Any CPU
		{CC5FAFB4-CB84-479E-8D22-D9466408E2B3}.AppStore|iPhone.ActiveCfg = Release|Any CPU
		{CC5FAFB4-CB84-479E-8D22-D9466408E2B3}.AppStore|iPhone.Build.0 = Release|Any CPU
		{CC5FAFB4-CB84-479E-8D22-D9466408E2B3}.AppStore|iPhone.Deploy.0 = Release|Any CPU
		{CC5FAFB4-CB84-479E-8D22-D9466408E2B3}.AppStore|iPhoneSimulator.ActiveCfg = Release|Any CPU
		{CC5FAFB4-CB84-479E-8D22-D9466408E2B3}.AppStore|iPhoneSimulator.Build.0 = Release|Any CPU
		{CC5FAFB4-CB84-479E-8D22-D9466408E2B3}.AppStore|iPhoneSimulator.Deploy.0 = Release|Any CPU
		{CC5FAFB4-CB84-479E-8D22-D9466408E2B3}.AppStore|x64.ActiveCfg = Release|Any CPU
		{CC5FAFB4-CB84-479E-8D22-D9466408E2B3}.AppStore|x64.Build.0 = Release|Any CPU
		{CC5FAFB4-CB84-479E-8D22-D9466408E2B3}.AppStore|x64.Deploy.0 = Release|Any CPU
		{CC5FAFB4-CB84-479E-8D22-D9466408E2B3}.AppStore|x86.ActiveCfg = Release|Any CPU
		{CC5FAFB4-CB84-479E-8D22-D9466408E2B3}.AppStore|x86.Build.0 = Release|Any CPU
		{CC5FAFB4-CB84-479E-8D22-D9466408E2B3}.AppStore|x86.Deploy.0 = Release|Any CPU
		{CC5FAFB4-CB84-479E-8D22-D9466408E2B3}.Debug|Any CPU.ActiveCfg = Debug|Any CPU
		{CC5FAFB4-CB84-479E-8D22-D9466408E2B3}.Debug|Any CPU.Build.0 = Debug|Any CPU
		{CC5FAFB4-CB84-479E-8D22-D9466408E2B3}.Debug|Any CPU.Deploy.0 = Debug|Any CPU
		{CC5FAFB4-CB84-479E-8D22-D9466408E2B3}.Debug|ARM.ActiveCfg = Debug|Any CPU
		{CC5FAFB4-CB84-479E-8D22-D9466408E2B3}.Debug|ARM.Build.0 = Debug|Any CPU
		{CC5FAFB4-CB84-479E-8D22-D9466408E2B3}.Debug|ARM.Deploy.0 = Debug|Any CPU
		{CC5FAFB4-CB84-479E-8D22-D9466408E2B3}.Debug|iPhone.ActiveCfg = Debug|Any CPU
		{CC5FAFB4-CB84-479E-8D22-D9466408E2B3}.Debug|iPhone.Build.0 = Debug|Any CPU
		{CC5FAFB4-CB84-479E-8D22-D9466408E2B3}.Debug|iPhone.Deploy.0 = Debug|Any CPU
		{CC5FAFB4-CB84-479E-8D22-D9466408E2B3}.Debug|iPhoneSimulator.ActiveCfg = Debug|Any CPU
		{CC5FAFB4-CB84-479E-8D22-D9466408E2B3}.Debug|iPhoneSimulator.Build.0 = Debug|Any CPU
		{CC5FAFB4-CB84-479E-8D22-D9466408E2B3}.Debug|iPhoneSimulator.Deploy.0 = Debug|Any CPU
		{CC5FAFB4-CB84-479E-8D22-D9466408E2B3}.Debug|x64.ActiveCfg = Debug|Any CPU
		{CC5FAFB4-CB84-479E-8D22-D9466408E2B3}.Debug|x64.Build.0 = Debug|Any CPU
		{CC5FAFB4-CB84-479E-8D22-D9466408E2B3}.Debug|x64.Deploy.0 = Debug|Any CPU
		{CC5FAFB4-CB84-479E-8D22-D9466408E2B3}.Debug|x86.ActiveCfg = Debug|Any CPU
		{CC5FAFB4-CB84-479E-8D22-D9466408E2B3}.Debug|x86.Build.0 = Debug|Any CPU
		{CC5FAFB4-CB84-479E-8D22-D9466408E2B3}.Debug|x86.Deploy.0 = Debug|Any CPU
		{CC5FAFB4-CB84-479E-8D22-D9466408E2B3}.Release|Any CPU.ActiveCfg = Release|Any CPU
		{CC5FAFB4-CB84-479E-8D22-D9466408E2B3}.Release|Any CPU.Build.0 = Release|Any CPU
		{CC5FAFB4-CB84-479E-8D22-D9466408E2B3}.Release|Any CPU.Deploy.0 = Release|Any CPU
		{CC5FAFB4-CB84-479E-8D22-D9466408E2B3}.Release|ARM.ActiveCfg = Release|Any CPU
		{CC5FAFB4-CB84-479E-8D22-D9466408E2B3}.Release|ARM.Build.0 = Release|Any CPU
		{CC5FAFB4-CB84-479E-8D22-D9466408E2B3}.Release|ARM.Deploy.0 = Release|Any CPU
		{CC5FAFB4-CB84-479E-8D22-D9466408E2B3}.Release|iPhone.ActiveCfg = Release|Any CPU
		{CC5FAFB4-CB84-479E-8D22-D9466408E2B3}.Release|iPhone.Build.0 = Release|Any CPU
		{CC5FAFB4-CB84-479E-8D22-D9466408E2B3}.Release|iPhone.Deploy.0 = Release|Any CPU
		{CC5FAFB4-CB84-479E-8D22-D9466408E2B3}.Release|iPhoneSimulator.ActiveCfg = Release|Any CPU
		{CC5FAFB4-CB84-479E-8D22-D9466408E2B3}.Release|iPhoneSimulator.Build.0 = Release|Any CPU
		{CC5FAFB4-CB84-479E-8D22-D9466408E2B3}.Release|iPhoneSimulator.Deploy.0 = Release|Any CPU
		{CC5FAFB4-CB84-479E-8D22-D9466408E2B3}.Release|x64.ActiveCfg = Release|Any CPU
		{CC5FAFB4-CB84-479E-8D22-D9466408E2B3}.Release|x64.Build.0 = Release|Any CPU
		{CC5FAFB4-CB84-479E-8D22-D9466408E2B3}.Release|x64.Deploy.0 = Release|Any CPU
		{CC5FAFB4-CB84-479E-8D22-D9466408E2B3}.Release|x86.ActiveCfg = Release|Any CPU
		{CC5FAFB4-CB84-479E-8D22-D9466408E2B3}.Release|x86.Build.0 = Release|Any CPU
		{CC5FAFB4-CB84-479E-8D22-D9466408E2B3}.Release|x86.Deploy.0 = Release|Any CPU
		{D7A2D882-A9A5-4AA3-96D2-F8CB0535C53F}.Ad-Hoc|Any CPU.ActiveCfg = Ad-Hoc|iPhone
		{D7A2D882-A9A5-4AA3-96D2-F8CB0535C53F}.Ad-Hoc|Any CPU.Build.0 = Ad-Hoc|iPhone
		{D7A2D882-A9A5-4AA3-96D2-F8CB0535C53F}.Ad-Hoc|Any CPU.Deploy.0 = Ad-Hoc|iPhone
		{D7A2D882-A9A5-4AA3-96D2-F8CB0535C53F}.Ad-Hoc|ARM.ActiveCfg = Ad-Hoc|iPhone
		{D7A2D882-A9A5-4AA3-96D2-F8CB0535C53F}.Ad-Hoc|ARM.Build.0 = Ad-Hoc|iPhone
		{D7A2D882-A9A5-4AA3-96D2-F8CB0535C53F}.Ad-Hoc|ARM.Deploy.0 = Ad-Hoc|iPhone
		{D7A2D882-A9A5-4AA3-96D2-F8CB0535C53F}.Ad-Hoc|iPhone.ActiveCfg = Ad-Hoc|iPhone
		{D7A2D882-A9A5-4AA3-96D2-F8CB0535C53F}.Ad-Hoc|iPhone.Build.0 = Ad-Hoc|iPhone
		{D7A2D882-A9A5-4AA3-96D2-F8CB0535C53F}.Ad-Hoc|iPhone.Deploy.0 = Ad-Hoc|iPhone
		{D7A2D882-A9A5-4AA3-96D2-F8CB0535C53F}.Ad-Hoc|iPhoneSimulator.ActiveCfg = Ad-Hoc|iPhoneSimulator
		{D7A2D882-A9A5-4AA3-96D2-F8CB0535C53F}.Ad-Hoc|iPhoneSimulator.Build.0 = Ad-Hoc|iPhoneSimulator
		{D7A2D882-A9A5-4AA3-96D2-F8CB0535C53F}.Ad-Hoc|iPhoneSimulator.Deploy.0 = Ad-Hoc|iPhoneSimulator
		{D7A2D882-A9A5-4AA3-96D2-F8CB0535C53F}.Ad-Hoc|x64.ActiveCfg = Ad-Hoc|iPhone
		{D7A2D882-A9A5-4AA3-96D2-F8CB0535C53F}.Ad-Hoc|x64.Build.0 = Ad-Hoc|iPhone
		{D7A2D882-A9A5-4AA3-96D2-F8CB0535C53F}.Ad-Hoc|x64.Deploy.0 = Ad-Hoc|iPhone
		{D7A2D882-A9A5-4AA3-96D2-F8CB0535C53F}.Ad-Hoc|x86.ActiveCfg = Ad-Hoc|iPhone
		{D7A2D882-A9A5-4AA3-96D2-F8CB0535C53F}.Ad-Hoc|x86.Build.0 = Ad-Hoc|iPhone
		{D7A2D882-A9A5-4AA3-96D2-F8CB0535C53F}.Ad-Hoc|x86.Deploy.0 = Ad-Hoc|iPhone
		{D7A2D882-A9A5-4AA3-96D2-F8CB0535C53F}.AppStore|Any CPU.ActiveCfg = AppStore|iPhone
		{D7A2D882-A9A5-4AA3-96D2-F8CB0535C53F}.AppStore|Any CPU.Build.0 = AppStore|iPhone
		{D7A2D882-A9A5-4AA3-96D2-F8CB0535C53F}.AppStore|Any CPU.Deploy.0 = AppStore|iPhone
		{D7A2D882-A9A5-4AA3-96D2-F8CB0535C53F}.AppStore|ARM.ActiveCfg = AppStore|iPhone
		{D7A2D882-A9A5-4AA3-96D2-F8CB0535C53F}.AppStore|ARM.Build.0 = AppStore|iPhone
		{D7A2D882-A9A5-4AA3-96D2-F8CB0535C53F}.AppStore|ARM.Deploy.0 = AppStore|iPhone
		{D7A2D882-A9A5-4AA3-96D2-F8CB0535C53F}.AppStore|iPhone.ActiveCfg = AppStore|iPhone
		{D7A2D882-A9A5-4AA3-96D2-F8CB0535C53F}.AppStore|iPhone.Build.0 = AppStore|iPhone
		{D7A2D882-A9A5-4AA3-96D2-F8CB0535C53F}.AppStore|iPhone.Deploy.0 = AppStore|iPhone
		{D7A2D882-A9A5-4AA3-96D2-F8CB0535C53F}.AppStore|iPhoneSimulator.ActiveCfg = AppStore|iPhoneSimulator
		{D7A2D882-A9A5-4AA3-96D2-F8CB0535C53F}.AppStore|iPhoneSimulator.Build.0 = AppStore|iPhoneSimulator
		{D7A2D882-A9A5-4AA3-96D2-F8CB0535C53F}.AppStore|iPhoneSimulator.Deploy.0 = AppStore|iPhoneSimulator
		{D7A2D882-A9A5-4AA3-96D2-F8CB0535C53F}.AppStore|x64.ActiveCfg = AppStore|iPhone
		{D7A2D882-A9A5-4AA3-96D2-F8CB0535C53F}.AppStore|x64.Build.0 = AppStore|iPhone
		{D7A2D882-A9A5-4AA3-96D2-F8CB0535C53F}.AppStore|x64.Deploy.0 = AppStore|iPhone
		{D7A2D882-A9A5-4AA3-96D2-F8CB0535C53F}.AppStore|x86.ActiveCfg = AppStore|iPhone
		{D7A2D882-A9A5-4AA3-96D2-F8CB0535C53F}.AppStore|x86.Build.0 = AppStore|iPhone
		{D7A2D882-A9A5-4AA3-96D2-F8CB0535C53F}.AppStore|x86.Deploy.0 = AppStore|iPhone
		{D7A2D882-A9A5-4AA3-96D2-F8CB0535C53F}.Debug|Any CPU.ActiveCfg = Debug|iPhoneSimulator
		{D7A2D882-A9A5-4AA3-96D2-F8CB0535C53F}.Debug|Any CPU.Build.0 = Debug|iPhoneSimulator
		{D7A2D882-A9A5-4AA3-96D2-F8CB0535C53F}.Debug|Any CPU.Deploy.0 = Debug|iPhoneSimulator
		{D7A2D882-A9A5-4AA3-96D2-F8CB0535C53F}.Debug|ARM.ActiveCfg = Debug|iPhone
		{D7A2D882-A9A5-4AA3-96D2-F8CB0535C53F}.Debug|ARM.Build.0 = Debug|iPhone
		{D7A2D882-A9A5-4AA3-96D2-F8CB0535C53F}.Debug|ARM.Deploy.0 = Debug|iPhone
		{D7A2D882-A9A5-4AA3-96D2-F8CB0535C53F}.Debug|iPhone.ActiveCfg = Debug|iPhone
		{D7A2D882-A9A5-4AA3-96D2-F8CB0535C53F}.Debug|iPhone.Build.0 = Debug|iPhone
		{D7A2D882-A9A5-4AA3-96D2-F8CB0535C53F}.Debug|iPhone.Deploy.0 = Debug|iPhone
		{D7A2D882-A9A5-4AA3-96D2-F8CB0535C53F}.Debug|iPhoneSimulator.ActiveCfg = Debug|iPhoneSimulator
		{D7A2D882-A9A5-4AA3-96D2-F8CB0535C53F}.Debug|iPhoneSimulator.Build.0 = Debug|iPhoneSimulator
		{D7A2D882-A9A5-4AA3-96D2-F8CB0535C53F}.Debug|iPhoneSimulator.Deploy.0 = Debug|iPhoneSimulator
		{D7A2D882-A9A5-4AA3-96D2-F8CB0535C53F}.Debug|x64.ActiveCfg = Debug|iPhone
		{D7A2D882-A9A5-4AA3-96D2-F8CB0535C53F}.Debug|x64.Build.0 = Debug|iPhone
		{D7A2D882-A9A5-4AA3-96D2-F8CB0535C53F}.Debug|x64.Deploy.0 = Debug|iPhone
		{D7A2D882-A9A5-4AA3-96D2-F8CB0535C53F}.Debug|x86.ActiveCfg = Debug|iPhone
		{D7A2D882-A9A5-4AA3-96D2-F8CB0535C53F}.Debug|x86.Build.0 = Debug|iPhone
		{D7A2D882-A9A5-4AA3-96D2-F8CB0535C53F}.Debug|x86.Deploy.0 = Debug|iPhone
		{D7A2D882-A9A5-4AA3-96D2-F8CB0535C53F}.Release|Any CPU.ActiveCfg = Release|iPhone
		{D7A2D882-A9A5-4AA3-96D2-F8CB0535C53F}.Release|Any CPU.Build.0 = Release|iPhone
		{D7A2D882-A9A5-4AA3-96D2-F8CB0535C53F}.Release|Any CPU.Deploy.0 = Release|iPhone
		{D7A2D882-A9A5-4AA3-96D2-F8CB0535C53F}.Release|ARM.ActiveCfg = Release|iPhone
		{D7A2D882-A9A5-4AA3-96D2-F8CB0535C53F}.Release|ARM.Build.0 = Release|iPhone
		{D7A2D882-A9A5-4AA3-96D2-F8CB0535C53F}.Release|ARM.Deploy.0 = Release|iPhone
		{D7A2D882-A9A5-4AA3-96D2-F8CB0535C53F}.Release|iPhone.ActiveCfg = Release|iPhone
		{D7A2D882-A9A5-4AA3-96D2-F8CB0535C53F}.Release|iPhone.Build.0 = Release|iPhone
		{D7A2D882-A9A5-4AA3-96D2-F8CB0535C53F}.Release|iPhone.Deploy.0 = Release|iPhone
		{D7A2D882-A9A5-4AA3-96D2-F8CB0535C53F}.Release|iPhoneSimulator.ActiveCfg = Release|iPhoneSimulator
		{D7A2D882-A9A5-4AA3-96D2-F8CB0535C53F}.Release|iPhoneSimulator.Build.0 = Release|iPhoneSimulator
		{D7A2D882-A9A5-4AA3-96D2-F8CB0535C53F}.Release|iPhoneSimulator.Deploy.0 = Release|iPhoneSimulator
		{D7A2D882-A9A5-4AA3-96D2-F8CB0535C53F}.Release|x64.ActiveCfg = Release|iPhone
		{D7A2D882-A9A5-4AA3-96D2-F8CB0535C53F}.Release|x64.Build.0 = Release|iPhone
		{D7A2D882-A9A5-4AA3-96D2-F8CB0535C53F}.Release|x64.Deploy.0 = Release|iPhone
		{D7A2D882-A9A5-4AA3-96D2-F8CB0535C53F}.Release|x86.ActiveCfg = Release|iPhone
		{D7A2D882-A9A5-4AA3-96D2-F8CB0535C53F}.Release|x86.Build.0 = Release|iPhone
		{D7A2D882-A9A5-4AA3-96D2-F8CB0535C53F}.Release|x86.Deploy.0 = Release|iPhone
		{B56C8CF8-2A1D-4A73-826A-60C242404638}.Ad-Hoc|Any CPU.ActiveCfg = Release|x86
		{B56C8CF8-2A1D-4A73-826A-60C242404638}.Ad-Hoc|Any CPU.Build.0 = Release|x86
		{B56C8CF8-2A1D-4A73-826A-60C242404638}.Ad-Hoc|Any CPU.Deploy.0 = Release|x86
		{B56C8CF8-2A1D-4A73-826A-60C242404638}.Ad-Hoc|ARM.ActiveCfg = Release|ARM
		{B56C8CF8-2A1D-4A73-826A-60C242404638}.Ad-Hoc|ARM.Build.0 = Release|ARM
		{B56C8CF8-2A1D-4A73-826A-60C242404638}.Ad-Hoc|ARM.Deploy.0 = Release|ARM
		{B56C8CF8-2A1D-4A73-826A-60C242404638}.Ad-Hoc|iPhone.ActiveCfg = Release|x86
		{B56C8CF8-2A1D-4A73-826A-60C242404638}.Ad-Hoc|iPhone.Build.0 = Release|x86
		{B56C8CF8-2A1D-4A73-826A-60C242404638}.Ad-Hoc|iPhone.Deploy.0 = Release|x86
		{B56C8CF8-2A1D-4A73-826A-60C242404638}.Ad-Hoc|iPhoneSimulator.ActiveCfg = Release|x86
		{B56C8CF8-2A1D-4A73-826A-60C242404638}.Ad-Hoc|iPhoneSimulator.Build.0 = Release|x86
		{B56C8CF8-2A1D-4A73-826A-60C242404638}.Ad-Hoc|iPhoneSimulator.Deploy.0 = Release|x86
		{B56C8CF8-2A1D-4A73-826A-60C242404638}.Ad-Hoc|x64.ActiveCfg = Release|x64
		{B56C8CF8-2A1D-4A73-826A-60C242404638}.Ad-Hoc|x64.Build.0 = Release|x64
		{B56C8CF8-2A1D-4A73-826A-60C242404638}.Ad-Hoc|x64.Deploy.0 = Release|x64
		{B56C8CF8-2A1D-4A73-826A-60C242404638}.Ad-Hoc|x86.ActiveCfg = Release|x86
		{B56C8CF8-2A1D-4A73-826A-60C242404638}.Ad-Hoc|x86.Build.0 = Release|x86
		{B56C8CF8-2A1D-4A73-826A-60C242404638}.Ad-Hoc|x86.Deploy.0 = Release|x86
		{B56C8CF8-2A1D-4A73-826A-60C242404638}.AppStore|Any CPU.ActiveCfg = Release|x86
		{B56C8CF8-2A1D-4A73-826A-60C242404638}.AppStore|Any CPU.Build.0 = Release|x86
		{B56C8CF8-2A1D-4A73-826A-60C242404638}.AppStore|Any CPU.Deploy.0 = Release|x86
		{B56C8CF8-2A1D-4A73-826A-60C242404638}.AppStore|ARM.ActiveCfg = Release|ARM
		{B56C8CF8-2A1D-4A73-826A-60C242404638}.AppStore|ARM.Build.0 = Release|ARM
		{B56C8CF8-2A1D-4A73-826A-60C242404638}.AppStore|ARM.Deploy.0 = Release|ARM
		{B56C8CF8-2A1D-4A73-826A-60C242404638}.AppStore|iPhone.ActiveCfg = Release|x86
		{B56C8CF8-2A1D-4A73-826A-60C242404638}.AppStore|iPhone.Build.0 = Release|x86
		{B56C8CF8-2A1D-4A73-826A-60C242404638}.AppStore|iPhone.Deploy.0 = Release|x86
		{B56C8CF8-2A1D-4A73-826A-60C242404638}.AppStore|iPhoneSimulator.ActiveCfg = Release|x86
		{B56C8CF8-2A1D-4A73-826A-60C242404638}.AppStore|iPhoneSimulator.Build.0 = Release|x86
		{B56C8CF8-2A1D-4A73-826A-60C242404638}.AppStore|iPhoneSimulator.Deploy.0 = Release|x86
		{B56C8CF8-2A1D-4A73-826A-60C242404638}.AppStore|x64.ActiveCfg = Release|x64
		{B56C8CF8-2A1D-4A73-826A-60C242404638}.AppStore|x64.Build.0 = Release|x64
		{B56C8CF8-2A1D-4A73-826A-60C242404638}.AppStore|x64.Deploy.0 = Release|x64
		{B56C8CF8-2A1D-4A73-826A-60C242404638}.AppStore|x86.ActiveCfg = Release|x86
		{B56C8CF8-2A1D-4A73-826A-60C242404638}.AppStore|x86.Build.0 = Release|x86
		{B56C8CF8-2A1D-4A73-826A-60C242404638}.AppStore|x86.Deploy.0 = Release|x86
		{B56C8CF8-2A1D-4A73-826A-60C242404638}.Debug|Any CPU.ActiveCfg = Debug|x86
		{B56C8CF8-2A1D-4A73-826A-60C242404638}.Debug|Any CPU.Build.0 = Debug|x86
		{B56C8CF8-2A1D-4A73-826A-60C242404638}.Debug|Any CPU.Deploy.0 = Debug|x86
		{B56C8CF8-2A1D-4A73-826A-60C242404638}.Debug|ARM.ActiveCfg = Debug|ARM
		{B56C8CF8-2A1D-4A73-826A-60C242404638}.Debug|ARM.Build.0 = Debug|ARM
		{B56C8CF8-2A1D-4A73-826A-60C242404638}.Debug|ARM.Deploy.0 = Debug|ARM
		{B56C8CF8-2A1D-4A73-826A-60C242404638}.Debug|iPhone.ActiveCfg = Debug|x86
		{B56C8CF8-2A1D-4A73-826A-60C242404638}.Debug|iPhone.Build.0 = Debug|x86
		{B56C8CF8-2A1D-4A73-826A-60C242404638}.Debug|iPhone.Deploy.0 = Debug|x86
		{B56C8CF8-2A1D-4A73-826A-60C242404638}.Debug|iPhoneSimulator.ActiveCfg = Debug|x86
		{B56C8CF8-2A1D-4A73-826A-60C242404638}.Debug|iPhoneSimulator.Build.0 = Debug|x86
		{B56C8CF8-2A1D-4A73-826A-60C242404638}.Debug|iPhoneSimulator.Deploy.0 = Debug|x86
		{B56C8CF8-2A1D-4A73-826A-60C242404638}.Debug|x64.ActiveCfg = Debug|x64
		{B56C8CF8-2A1D-4A73-826A-60C242404638}.Debug|x64.Build.0 = Debug|x64
		{B56C8CF8-2A1D-4A73-826A-60C242404638}.Debug|x64.Deploy.0 = Debug|x64
		{B56C8CF8-2A1D-4A73-826A-60C242404638}.Debug|x86.ActiveCfg = Debug|x86
		{B56C8CF8-2A1D-4A73-826A-60C242404638}.Debug|x86.Build.0 = Debug|x86
		{B56C8CF8-2A1D-4A73-826A-60C242404638}.Debug|x86.Deploy.0 = Debug|x86
		{B56C8CF8-2A1D-4A73-826A-60C242404638}.Release|Any CPU.ActiveCfg = Release|x86
		{B56C8CF8-2A1D-4A73-826A-60C242404638}.Release|Any CPU.Build.0 = Release|x86
		{B56C8CF8-2A1D-4A73-826A-60C242404638}.Release|Any CPU.Deploy.0 = Release|x86
		{B56C8CF8-2A1D-4A73-826A-60C242404638}.Release|ARM.ActiveCfg = Release|ARM
		{B56C8CF8-2A1D-4A73-826A-60C242404638}.Release|ARM.Build.0 = Release|ARM
		{B56C8CF8-2A1D-4A73-826A-60C242404638}.Release|ARM.Deploy.0 = Release|ARM
		{B56C8CF8-2A1D-4A73-826A-60C242404638}.Release|iPhone.ActiveCfg = Release|x86
		{B56C8CF8-2A1D-4A73-826A-60C242404638}.Release|iPhone.Build.0 = Release|x86
		{B56C8CF8-2A1D-4A73-826A-60C242404638}.Release|iPhone.Deploy.0 = Release|x86
		{B56C8CF8-2A1D-4A73-826A-60C242404638}.Release|iPhoneSimulator.ActiveCfg = Release|x86
		{B56C8CF8-2A1D-4A73-826A-60C242404638}.Release|iPhoneSimulator.Build.0 = Release|x86
		{B56C8CF8-2A1D-4A73-826A-60C242404638}.Release|iPhoneSimulator.Deploy.0 = Release|x86
		{B56C8CF8-2A1D-4A73-826A-60C242404638}.Release|x64.ActiveCfg = Release|x64
		{B56C8CF8-2A1D-4A73-826A-60C242404638}.Release|x64.Build.0 = Release|x64
		{B56C8CF8-2A1D-4A73-826A-60C242404638}.Release|x64.Deploy.0 = Release|x64
		{B56C8CF8-2A1D-4A73-826A-60C242404638}.Release|x86.ActiveCfg = Release|x86
		{B56C8CF8-2A1D-4A73-826A-60C242404638}.Release|x86.Build.0 = Release|x86
		{B56C8CF8-2A1D-4A73-826A-60C242404638}.Release|x86.Deploy.0 = Release|x86
		{7A23732D-4B44-4D28-8BF0-9BBEDEBA4ADE}.Ad-Hoc|Any CPU.ActiveCfg = Debug|Any CPU
		{7A23732D-4B44-4D28-8BF0-9BBEDEBA4ADE}.Ad-Hoc|Any CPU.Build.0 = Debug|Any CPU
		{7A23732D-4B44-4D28-8BF0-9BBEDEBA4ADE}.Ad-Hoc|Any CPU.Deploy.0 = Debug|Any CPU
		{7A23732D-4B44-4D28-8BF0-9BBEDEBA4ADE}.Ad-Hoc|ARM.ActiveCfg = Debug|Any CPU
		{7A23732D-4B44-4D28-8BF0-9BBEDEBA4ADE}.Ad-Hoc|ARM.Build.0 = Debug|Any CPU
		{7A23732D-4B44-4D28-8BF0-9BBEDEBA4ADE}.Ad-Hoc|ARM.Deploy.0 = Debug|Any CPU
		{7A23732D-4B44-4D28-8BF0-9BBEDEBA4ADE}.Ad-Hoc|iPhone.ActiveCfg = Debug|Any CPU
		{7A23732D-4B44-4D28-8BF0-9BBEDEBA4ADE}.Ad-Hoc|iPhone.Build.0 = Debug|Any CPU
		{7A23732D-4B44-4D28-8BF0-9BBEDEBA4ADE}.Ad-Hoc|iPhone.Deploy.0 = Debug|Any CPU
		{7A23732D-4B44-4D28-8BF0-9BBEDEBA4ADE}.Ad-Hoc|iPhoneSimulator.ActiveCfg = Debug|Any CPU
		{7A23732D-4B44-4D28-8BF0-9BBEDEBA4ADE}.Ad-Hoc|iPhoneSimulator.Build.0 = Debug|Any CPU
		{7A23732D-4B44-4D28-8BF0-9BBEDEBA4ADE}.Ad-Hoc|iPhoneSimulator.Deploy.0 = Debug|Any CPU
		{7A23732D-4B44-4D28-8BF0-9BBEDEBA4ADE}.Ad-Hoc|x64.ActiveCfg = Debug|Any CPU
		{7A23732D-4B44-4D28-8BF0-9BBEDEBA4ADE}.Ad-Hoc|x64.Build.0 = Debug|Any CPU
		{7A23732D-4B44-4D28-8BF0-9BBEDEBA4ADE}.Ad-Hoc|x64.Deploy.0 = Debug|Any CPU
		{7A23732D-4B44-4D28-8BF0-9BBEDEBA4ADE}.Ad-Hoc|x86.ActiveCfg = Debug|Any CPU
		{7A23732D-4B44-4D28-8BF0-9BBEDEBA4ADE}.Ad-Hoc|x86.Build.0 = Debug|Any CPU
		{7A23732D-4B44-4D28-8BF0-9BBEDEBA4ADE}.Ad-Hoc|x86.Deploy.0 = Debug|Any CPU
		{7A23732D-4B44-4D28-8BF0-9BBEDEBA4ADE}.AppStore|Any CPU.ActiveCfg = Debug|Any CPU
		{7A23732D-4B44-4D28-8BF0-9BBEDEBA4ADE}.AppStore|Any CPU.Build.0 = Debug|Any CPU
		{7A23732D-4B44-4D28-8BF0-9BBEDEBA4ADE}.AppStore|Any CPU.Deploy.0 = Debug|Any CPU
		{7A23732D-4B44-4D28-8BF0-9BBEDEBA4ADE}.AppStore|ARM.ActiveCfg = Debug|Any CPU
		{7A23732D-4B44-4D28-8BF0-9BBEDEBA4ADE}.AppStore|ARM.Build.0 = Debug|Any CPU
		{7A23732D-4B44-4D28-8BF0-9BBEDEBA4ADE}.AppStore|ARM.Deploy.0 = Debug|Any CPU
		{7A23732D-4B44-4D28-8BF0-9BBEDEBA4ADE}.AppStore|iPhone.ActiveCfg = Debug|Any CPU
		{7A23732D-4B44-4D28-8BF0-9BBEDEBA4ADE}.AppStore|iPhone.Build.0 = Debug|Any CPU
		{7A23732D-4B44-4D28-8BF0-9BBEDEBA4ADE}.AppStore|iPhone.Deploy.0 = Debug|Any CPU
		{7A23732D-4B44-4D28-8BF0-9BBEDEBA4ADE}.AppStore|iPhoneSimulator.ActiveCfg = Debug|Any CPU
		{7A23732D-4B44-4D28-8BF0-9BBEDEBA4ADE}.AppStore|iPhoneSimulator.Build.0 = Debug|Any CPU
		{7A23732D-4B44-4D28-8BF0-9BBEDEBA4ADE}.AppStore|iPhoneSimulator.Deploy.0 = Debug|Any CPU
		{7A23732D-4B44-4D28-8BF0-9BBEDEBA4ADE}.AppStore|x64.ActiveCfg = Debug|Any CPU
		{7A23732D-4B44-4D28-8BF0-9BBEDEBA4ADE}.AppStore|x64.Build.0 = Debug|Any CPU
		{7A23732D-4B44-4D28-8BF0-9BBEDEBA4ADE}.AppStore|x64.Deploy.0 = Debug|Any CPU
		{7A23732D-4B44-4D28-8BF0-9BBEDEBA4ADE}.AppStore|x86.ActiveCfg = Debug|Any CPU
		{7A23732D-4B44-4D28-8BF0-9BBEDEBA4ADE}.AppStore|x86.Build.0 = Debug|Any CPU
		{7A23732D-4B44-4D28-8BF0-9BBEDEBA4ADE}.AppStore|x86.Deploy.0 = Debug|Any CPU
		{7A23732D-4B44-4D28-8BF0-9BBEDEBA4ADE}.Debug|Any CPU.ActiveCfg = Debug|Any CPU
		{7A23732D-4B44-4D28-8BF0-9BBEDEBA4ADE}.Debug|Any CPU.Build.0 = Debug|Any CPU
		{7A23732D-4B44-4D28-8BF0-9BBEDEBA4ADE}.Debug|Any CPU.Deploy.0 = Debug|Any CPU
		{7A23732D-4B44-4D28-8BF0-9BBEDEBA4ADE}.Debug|ARM.ActiveCfg = Debug|Any CPU
		{7A23732D-4B44-4D28-8BF0-9BBEDEBA4ADE}.Debug|ARM.Build.0 = Debug|Any CPU
		{7A23732D-4B44-4D28-8BF0-9BBEDEBA4ADE}.Debug|ARM.Deploy.0 = Debug|Any CPU
		{7A23732D-4B44-4D28-8BF0-9BBEDEBA4ADE}.Debug|iPhone.ActiveCfg = Debug|Any CPU
		{7A23732D-4B44-4D28-8BF0-9BBEDEBA4ADE}.Debug|iPhone.Build.0 = Debug|Any CPU
		{7A23732D-4B44-4D28-8BF0-9BBEDEBA4ADE}.Debug|iPhone.Deploy.0 = Debug|Any CPU
		{7A23732D-4B44-4D28-8BF0-9BBEDEBA4ADE}.Debug|iPhoneSimulator.ActiveCfg = Debug|Any CPU
		{7A23732D-4B44-4D28-8BF0-9BBEDEBA4ADE}.Debug|iPhoneSimulator.Build.0 = Debug|Any CPU
		{7A23732D-4B44-4D28-8BF0-9BBEDEBA4ADE}.Debug|iPhoneSimulator.Deploy.0 = Debug|Any CPU
		{7A23732D-4B44-4D28-8BF0-9BBEDEBA4ADE}.Debug|x64.ActiveCfg = Debug|Any CPU
		{7A23732D-4B44-4D28-8BF0-9BBEDEBA4ADE}.Debug|x64.Build.0 = Debug|Any CPU
		{7A23732D-4B44-4D28-8BF0-9BBEDEBA4ADE}.Debug|x64.Deploy.0 = Debug|Any CPU
		{7A23732D-4B44-4D28-8BF0-9BBEDEBA4ADE}.Debug|x86.ActiveCfg = Debug|Any CPU
		{7A23732D-4B44-4D28-8BF0-9BBEDEBA4ADE}.Debug|x86.Build.0 = Debug|Any CPU
		{7A23732D-4B44-4D28-8BF0-9BBEDEBA4ADE}.Debug|x86.Deploy.0 = Debug|Any CPU
		{7A23732D-4B44-4D28-8BF0-9BBEDEBA4ADE}.Release|Any CPU.ActiveCfg = Release|Any CPU
		{7A23732D-4B44-4D28-8BF0-9BBEDEBA4ADE}.Release|Any CPU.Build.0 = Release|Any CPU
		{7A23732D-4B44-4D28-8BF0-9BBEDEBA4ADE}.Release|Any CPU.Deploy.0 = Release|Any CPU
		{7A23732D-4B44-4D28-8BF0-9BBEDEBA4ADE}.Release|ARM.ActiveCfg = Release|Any CPU
		{7A23732D-4B44-4D28-8BF0-9BBEDEBA4ADE}.Release|ARM.Build.0 = Release|Any CPU
		{7A23732D-4B44-4D28-8BF0-9BBEDEBA4ADE}.Release|ARM.Deploy.0 = Release|Any CPU
		{7A23732D-4B44-4D28-8BF0-9BBEDEBA4ADE}.Release|iPhone.ActiveCfg = Release|Any CPU
		{7A23732D-4B44-4D28-8BF0-9BBEDEBA4ADE}.Release|iPhone.Build.0 = Release|Any CPU
		{7A23732D-4B44-4D28-8BF0-9BBEDEBA4ADE}.Release|iPhone.Deploy.0 = Release|Any CPU
		{7A23732D-4B44-4D28-8BF0-9BBEDEBA4ADE}.Release|iPhoneSimulator.ActiveCfg = Release|Any CPU
		{7A23732D-4B44-4D28-8BF0-9BBEDEBA4ADE}.Release|iPhoneSimulator.Build.0 = Release|Any CPU
		{7A23732D-4B44-4D28-8BF0-9BBEDEBA4ADE}.Release|iPhoneSimulator.Deploy.0 = Release|Any CPU
		{7A23732D-4B44-4D28-8BF0-9BBEDEBA4ADE}.Release|x64.ActiveCfg = Release|Any CPU
		{7A23732D-4B44-4D28-8BF0-9BBEDEBA4ADE}.Release|x64.Build.0 = Release|Any CPU
		{7A23732D-4B44-4D28-8BF0-9BBEDEBA4ADE}.Release|x64.Deploy.0 = Release|Any CPU
		{7A23732D-4B44-4D28-8BF0-9BBEDEBA4ADE}.Release|x86.ActiveCfg = Release|Any CPU
		{7A23732D-4B44-4D28-8BF0-9BBEDEBA4ADE}.Release|x86.Build.0 = Release|Any CPU
		{7A23732D-4B44-4D28-8BF0-9BBEDEBA4ADE}.Release|x86.Deploy.0 = Release|Any CPU
	EndGlobalSection
	GlobalSection(SolutionProperties) = preSolution
		HideSolutionNode = FALSE
	EndGlobalSection
	GlobalSection(ExtensibilityGlobals) = postSolution
		SolutionGuid = {B4AAF8E7-957B-449B-81B8-14BFDF9398E1}
	EndGlobalSection
EndGlobal
